// !$*UTF8*$!
{
	archiveVersion = 1;
	classes = {
	};
	objectVersion = 46;
	objects = {

/* Begin PBXBuildFile section */
		180B305C1740E25300C2EA1B /* CoreMedia.framework in Frameworks */ = {isa = PBXBuildFile; fileRef = 180B305B1740E25300C2EA1B /* CoreMedia.framework */; };
		180B3062174170B800C2EA1B /* previous.png in Resources */ = {isa = PBXBuildFile; fileRef = 180B3061174170B800C2EA1B /* previous.png */; };
		180B3064174170BE00C2EA1B /* next.png in Resources */ = {isa = PBXBuildFile; fileRef = 180B3063174170BE00C2EA1B /* next.png */; };
		180B3068174173F600C2EA1B /* play.png in Resources */ = {isa = PBXBuildFile; fileRef = 180B3067174173F600C2EA1B /* play.png */; };
		180B306A1741755800C2EA1B /* note_black.png in Resources */ = {isa = PBXBuildFile; fileRef = 180B30691741755800C2EA1B /* note_black.png */; };
		180B306C1741763900C2EA1B /* no_artwork.png in Resources */ = {isa = PBXBuildFile; fileRef = 180B306B1741763900C2EA1B /* no_artwork.png */; };
		180B306E1741771F00C2EA1B /* no_artwork_with_circle.png in Resources */ = {isa = PBXBuildFile; fileRef = 180B306D1741771F00C2EA1B /* no_artwork_with_circle.png */; };
		180B307017424CCD00C2EA1B /* icon.png in Resources */ = {isa = PBXBuildFile; fileRef = 180B306F17424CCC00C2EA1B /* icon.png */; };
		180B307217424CE700C2EA1B /* icon@2x.png in Resources */ = {isa = PBXBuildFile; fileRef = 180B307117424CE700C2EA1B /* icon@2x.png */; };
		180B307D1743485E00C2EA1B /* CMIndexCircleView.m in Sources */ = {isa = PBXBuildFile; fileRef = 180B307C1743485E00C2EA1B /* CMIndexCircleView.m */; };
		180B307F1743B23900C2EA1B /* twitter.png in Resources */ = {isa = PBXBuildFile; fileRef = 180B307E1743B23900C2EA1B /* twitter.png */; };
		180B30841743B34400C2EA1B /* CMPlayerButtonView.m in Sources */ = {isa = PBXBuildFile; fileRef = 180B30831743B34400C2EA1B /* CMPlayerButtonView.m */; };
		180B30861743C03300C2EA1B /* Social.framework in Frameworks */ = {isa = PBXBuildFile; fileRef = 180B30851743C03200C2EA1B /* Social.framework */; };
		181BA41D1743F461005CF643 /* headphone.png in Resources */ = {isa = PBXBuildFile; fileRef = 181BA41C1743F461005CF643 /* headphone.png */; };
		181BA41F174405DE005CF643 /* back.png in Resources */ = {isa = PBXBuildFile; fileRef = 181BA41E174405DE005CF643 /* back.png */; };
		181BA42217444F5A005CF643 /* CMAlbumViewController_for_35inch.xib in Resources */ = {isa = PBXBuildFile; fileRef = 181BA42117444F5A005CF643 /* CMAlbumViewController_for_35inch.xib */; };
		181BA4241744516B005CF643 /* CMPlayerViewController_for_35inch.xib in Resources */ = {isa = PBXBuildFile; fileRef = 181BA4231744516A005CF643 /* CMPlayerViewController_for_35inch.xib */; };
		1845A8F6175BC6C400667AA0 /* cell-info.png in Resources */ = {isa = PBXBuildFile; fileRef = 1845A8F5175BC6C400667AA0 /* cell-info.png */; };
		184D17A6175A60F000453151 /* intro_tap.png in Resources */ = {isa = PBXBuildFile; fileRef = 184D17A5175A60F000453151 /* intro_tap.png */; };
		184D17A8175A60F300453151 /* intro_swipe.png in Resources */ = {isa = PBXBuildFile; fileRef = 184D17A7175A60F300453151 /* intro_swipe.png */; };
		184D17AA175A651C00453151 /* CMInfoViewController_for_35inch.xib in Resources */ = {isa = PBXBuildFile; fileRef = 184D17A9175A651C00453151 /* CMInfoViewController_for_35inch.xib */; };
		184D17AE175A688F00453151 /* intro_select.png in Resources */ = {isa = PBXBuildFile; fileRef = 184D17AC175A688F00453151 /* intro_select.png */; };
		184D17B1175B118800453151 /* intro_album_tap.png in Resources */ = {isa = PBXBuildFile; fileRef = 184D17AF175B118800453151 /* intro_album_tap.png */; };
		184D17B2175B118800453151 /* intro_album_long_press.png in Resources */ = {isa = PBXBuildFile; fileRef = 184D17B0175B118800453151 /* intro_album_long_press.png */; };
		1857F6A61736B3FF00F6146D /* CMPlayerViewController.m in Sources */ = {isa = PBXBuildFile; fileRef = 1857F6A41736B3FF00F6146D /* CMPlayerViewController.m */; };
		1857F6A71736B3FF00F6146D /* CMPlayerViewController.xib in Resources */ = {isa = PBXBuildFile; fileRef = 1857F6A51736B3FF00F6146D /* CMPlayerViewController.xib */; };
		18616667174782BD0043037D /* cell-artist.png in Resources */ = {isa = PBXBuildFile; fileRef = 18616666174782BD0043037D /* cell-artist.png */; };
		1861666B174788E20043037D /* cell-album.png in Resources */ = {isa = PBXBuildFile; fileRef = 1861666A174788E20043037D /* cell-album.png */; };
		187467E41737945A00C9F9D8 /* CMAlbumViewController.m in Sources */ = {isa = PBXBuildFile; fileRef = 187467E21737945A00C9F9D8 /* CMAlbumViewController.m */; };
		187467E51737945A00C9F9D8 /* CMAlbumViewController.xib in Resources */ = {isa = PBXBuildFile; fileRef = 187467E31737945A00C9F9D8 /* CMAlbumViewController.xib */; };
		187467E81737EC4A00C9F9D8 /* CMSpiralCircleView.m in Sources */ = {isa = PBXBuildFile; fileRef = 187467E71737EC4A00C9F9D8 /* CMSpiralCircleView.m */; };
		187467F1173857D200C9F9D8 /* CMInfoViewController.m in Sources */ = {isa = PBXBuildFile; fileRef = 187467EF173857D200C9F9D8 /* CMInfoViewController.m */; };
		187467F2173857D200C9F9D8 /* CMInfoViewController.xib in Resources */ = {isa = PBXBuildFile; fileRef = 187467F0173857D200C9F9D8 /* CMInfoViewController.xib */; };
		187467F51738B84200C9F9D8 /* pull.png in Resources */ = {isa = PBXBuildFile; fileRef = 187467F31738B84100C9F9D8 /* pull.png */; };
		187467F61738B84200C9F9D8 /* push.png in Resources */ = {isa = PBXBuildFile; fileRef = 187467F41738B84100C9F9D8 /* push.png */; };
		187467F81738DA1B00C9F9D8 /* blur.png in Resources */ = {isa = PBXBuildFile; fileRef = 187467F71738DA1B00C9F9D8 /* blur.png */; };
		187C33F6173B82FF0090B5BD /* AVFoundation.framework in Frameworks */ = {isa = PBXBuildFile; fileRef = 187C33F5173B82FF0090B5BD /* AVFoundation.framework */; };
		187C33F8173FE2DF0090B5BD /* circle_mask.png in Resources */ = {isa = PBXBuildFile; fileRef = 187C33F7173FE2DF0090B5BD /* circle_mask.png */; };
		188B33A21747A9FC0010AECC /* CMCrashReporter.m in Sources */ = {isa = PBXBuildFile; fileRef = 188B33A11747A9FC0010AECC /* CMCrashReporter.m */; };
		188B33AC174998F80010AECC /* repeat_once.png in Resources */ = {isa = PBXBuildFile; fileRef = 188B33AA174998F80010AECC /* repeat_once.png */; };
		188B33AD174998F80010AECC /* repeat.png in Resources */ = {isa = PBXBuildFile; fileRef = 188B33AB174998F80010AECC /* repeat.png */; };
		188B33AF1749A57C0010AECC /* shuffle.png in Resources */ = {isa = PBXBuildFile; fileRef = 188B33AE1749A57C0010AECC /* shuffle.png */; };
		189650C7173A964F0084F3DA /* CMIndexView.m in Sources */ = {isa = PBXBuildFile; fileRef = 189650C6173A964E0084F3DA /* CMIndexView.m */; };
		18A087EC17562EA800EA56C8 /* cell-playlist.png in Resources */ = {isa = PBXBuildFile; fileRef = 18A087EB17562EA800EA56C8 /* cell-playlist.png */; };
		18A7916617476CD30049AC9F /* cell-song.png in Resources */ = {isa = PBXBuildFile; fileRef = 18A7916517476CD30049AC9F /* cell-song.png */; };
		18CD7822175F63C10082B0F1 /* icon2_.png in Resources */ = {isa = PBXBuildFile; fileRef = 18CD7821175F63C10082B0F1 /* icon2_.png */; };
		18CD7824175F64350082B0F1 /* icon3.png in Resources */ = {isa = PBXBuildFile; fileRef = 18CD7823175F64350082B0F1 /* icon3.png */; };
		18E30074175F96AC00C44910 /* Default.png in Resources */ = {isa = PBXBuildFile; fileRef = 18E30073175F96AC00C44910 /* Default.png */; };
		18E30076175F96DD00C44910 /* Default@2x.png in Resources */ = {isa = PBXBuildFile; fileRef = 18E30075175F96DD00C44910 /* Default@2x.png */; };
		18E409231735692E006BB979 /* UIKit.framework in Frameworks */ = {isa = PBXBuildFile; fileRef = 18E409221735692E006BB979 /* UIKit.framework */; };
		18E409251735692E006BB979 /* Foundation.framework in Frameworks */ = {isa = PBXBuildFile; fileRef = 18E409241735692E006BB979 /* Foundation.framework */; };
		18E409271735692E006BB979 /* CoreGraphics.framework in Frameworks */ = {isa = PBXBuildFile; fileRef = 18E409261735692E006BB979 /* CoreGraphics.framework */; };
		18E4092D1735692E006BB979 /* InfoPlist.strings in Resources */ = {isa = PBXBuildFile; fileRef = 18E4092B1735692E006BB979 /* InfoPlist.strings */; };
		18E4092F1735692E006BB979 /* main.m in Sources */ = {isa = PBXBuildFile; fileRef = 18E4092E1735692E006BB979 /* main.m */; };
		18E409331735692E006BB979 /* CMAppDelegate.m in Sources */ = {isa = PBXBuildFile; fileRef = 18E409321735692E006BB979 /* CMAppDelegate.m */; };
		18E409351735692E006BB979 /* Default.png in Resources */ = {isa = PBXBuildFile; fileRef = 18E409341735692E006BB979 /* Default.png */; };
		18E409371735692E006BB979 /* Default@2x.png in Resources */ = {isa = PBXBuildFile; fileRef = 18E409361735692E006BB979 /* Default@2x.png */; };
		18E409391735692E006BB979 /* Default-568h@2x.png in Resources */ = {isa = PBXBuildFile; fileRef = 18E409381735692E006BB979 /* Default-568h@2x.png */; };
		18E4093C1735692E006BB979 /* CMViewController.m in Sources */ = {isa = PBXBuildFile; fileRef = 18E4093B1735692E006BB979 /* CMViewController.m */; };
		18E4093F1735692E006BB979 /* CMViewController.xib in Resources */ = {isa = PBXBuildFile; fileRef = 18E4093D1735692E006BB979 /* CMViewController.xib */; };
		18E409471735692E006BB979 /* SenTestingKit.framework in Frameworks */ = {isa = PBXBuildFile; fileRef = 18E409461735692E006BB979 /* SenTestingKit.framework */; };
		18E409481735692E006BB979 /* UIKit.framework in Frameworks */ = {isa = PBXBuildFile; fileRef = 18E409221735692E006BB979 /* UIKit.framework */; };
		18E409491735692E006BB979 /* Foundation.framework in Frameworks */ = {isa = PBXBuildFile; fileRef = 18E409241735692E006BB979 /* Foundation.framework */; };
		18E409511735692E006BB979 /* InfoPlist.strings in Resources */ = {isa = PBXBuildFile; fileRef = 18E4094F1735692E006BB979 /* InfoPlist.strings */; };
		18E409541735692E006BB979 /* CircleMusicTests.m in Sources */ = {isa = PBXBuildFile; fileRef = 18E409531735692E006BB979 /* CircleMusicTests.m */; };
		18E40962173569DE006BB979 /* CMContentCell.m in Sources */ = {isa = PBXBuildFile; fileRef = 18E40961173569DE006BB979 /* CMContentCell.m */; };
		18E4096B17357118006BB979 /* QuartzCore.framework in Frameworks */ = {isa = PBXBuildFile; fileRef = 18E4096A17357117006BB979 /* QuartzCore.framework */; };
		18E40971173571AB006BB979 /* CMCircleLayout.m in Sources */ = {isa = PBXBuildFile; fileRef = 18E40970173571AB006BB979 /* CMCircleLayout.m */; };
		18E40972173571E4006BB979 /* CMCircleLayout.m in Sources */ = {isa = PBXBuildFile; fileRef = 18E40970173571AB006BB979 /* CMCircleLayout.m */; };
		18E4098D17358F50006BB979 /* MediaPlayer.framework in Frameworks */ = {isa = PBXBuildFile; fileRef = 18E4098C17358F50006BB979 /* MediaPlayer.framework */; };
/* End PBXBuildFile section */

/* Begin PBXContainerItemProxy section */
		18E4094A1735692E006BB979 /* PBXContainerItemProxy */ = {
			isa = PBXContainerItemProxy;
			containerPortal = 18E409171735692E006BB979 /* Project object */;
			proxyType = 1;
			remoteGlobalIDString = 18E4091E1735692E006BB979;
			remoteInfo = CircleMusic;
		};
/* End PBXContainerItemProxy section */

/* Begin PBXFileReference section */
		180B305B1740E25300C2EA1B /* CoreMedia.framework */ = {isa = PBXFileReference; lastKnownFileType = wrapper.framework; name = CoreMedia.framework; path = System/Library/Frameworks/CoreMedia.framework; sourceTree = SDKROOT; };
		180B3061174170B800C2EA1B /* previous.png */ = {isa = PBXFileReference; lastKnownFileType = image.png; path = previous.png; sourceTree = "<group>"; };
		180B3063174170BE00C2EA1B /* next.png */ = {isa = PBXFileReference; lastKnownFileType = image.png; path = next.png; sourceTree = "<group>"; };
		180B3067174173F600C2EA1B /* play.png */ = {isa = PBXFileReference; lastKnownFileType = image.png; path = play.png; sourceTree = "<group>"; };
		180B30691741755800C2EA1B /* note_black.png */ = {isa = PBXFileReference; lastKnownFileType = image.png; path = note_black.png; sourceTree = "<group>"; };
		180B306B1741763900C2EA1B /* no_artwork.png */ = {isa = PBXFileReference; lastKnownFileType = image.png; path = no_artwork.png; sourceTree = "<group>"; };
		180B306D1741771F00C2EA1B /* no_artwork_with_circle.png */ = {isa = PBXFileReference; lastKnownFileType = image.png; path = no_artwork_with_circle.png; sourceTree = "<group>"; };
		180B306F17424CCC00C2EA1B /* icon.png */ = {isa = PBXFileReference; lastKnownFileType = image.png; path = icon.png; sourceTree = "<group>"; };
		180B307117424CE700C2EA1B /* icon@2x.png */ = {isa = PBXFileReference; lastKnownFileType = image.png; path = "icon@2x.png"; sourceTree = "<group>"; };
		180B307B1743485E00C2EA1B /* CMIndexCircleView.h */ = {isa = PBXFileReference; fileEncoding = 4; lastKnownFileType = sourcecode.c.h; path = CMIndexCircleView.h; sourceTree = "<group>"; };
		180B307C1743485E00C2EA1B /* CMIndexCircleView.m */ = {isa = PBXFileReference; fileEncoding = 4; lastKnownFileType = sourcecode.c.objc; path = CMIndexCircleView.m; sourceTree = "<group>"; };
		180B307E1743B23900C2EA1B /* twitter.png */ = {isa = PBXFileReference; lastKnownFileType = image.png; path = twitter.png; sourceTree = "<group>"; };
		180B30801743B2FF00C2EA1B /* Twitter.framework */ = {isa = PBXFileReference; lastKnownFileType = wrapper.framework; name = Twitter.framework; path = System/Library/Frameworks/Twitter.framework; sourceTree = SDKROOT; };
		180B30821743B34300C2EA1B /* CMPlayerButtonView.h */ = {isa = PBXFileReference; fileEncoding = 4; lastKnownFileType = sourcecode.c.h; path = CMPlayerButtonView.h; sourceTree = "<group>"; };
		180B30831743B34400C2EA1B /* CMPlayerButtonView.m */ = {isa = PBXFileReference; fileEncoding = 4; lastKnownFileType = sourcecode.c.objc; path = CMPlayerButtonView.m; sourceTree = "<group>"; };
		180B30851743C03200C2EA1B /* Social.framework */ = {isa = PBXFileReference; lastKnownFileType = wrapper.framework; name = Social.framework; path = System/Library/Frameworks/Social.framework; sourceTree = SDKROOT; };
		181BA41C1743F461005CF643 /* headphone.png */ = {isa = PBXFileReference; lastKnownFileType = image.png; path = headphone.png; sourceTree = "<group>"; };
		181BA41E174405DE005CF643 /* back.png */ = {isa = PBXFileReference; lastKnownFileType = image.png; path = back.png; sourceTree = "<group>"; };
		181BA42117444F5A005CF643 /* CMAlbumViewController_for_35inch.xib */ = {isa = PBXFileReference; fileEncoding = 4; lastKnownFileType = file.xib; path = CMAlbumViewController_for_35inch.xib; sourceTree = "<group>"; };
		181BA4231744516A005CF643 /* CMPlayerViewController_for_35inch.xib */ = {isa = PBXFileReference; fileEncoding = 4; lastKnownFileType = file.xib; path = CMPlayerViewController_for_35inch.xib; sourceTree = "<group>"; };
		1845A8F5175BC6C400667AA0 /* cell-info.png */ = {isa = PBXFileReference; lastKnownFileType = image.png; path = "cell-info.png"; sourceTree = "<group>"; };
		184D17A5175A60F000453151 /* intro_tap.png */ = {isa = PBXFileReference; lastKnownFileType = image.png; path = intro_tap.png; sourceTree = "<group>"; };
		184D17A7175A60F300453151 /* intro_swipe.png */ = {isa = PBXFileReference; lastKnownFileType = image.png; path = intro_swipe.png; sourceTree = "<group>"; };
		184D17A9175A651C00453151 /* CMInfoViewController_for_35inch.xib */ = {isa = PBXFileReference; fileEncoding = 4; lastKnownFileType = file.xib; path = CMInfoViewController_for_35inch.xib; sourceTree = "<group>"; };
		184D17AC175A688F00453151 /* intro_select.png */ = {isa = PBXFileReference; lastKnownFileType = image.png; path = intro_select.png; sourceTree = "<group>"; };
		184D17AF175B118800453151 /* intro_album_tap.png */ = {isa = PBXFileReference; lastKnownFileType = image.png; path = intro_album_tap.png; sourceTree = "<group>"; };
		184D17B0175B118800453151 /* intro_album_long_press.png */ = {isa = PBXFileReference; lastKnownFileType = image.png; path = intro_album_long_press.png; sourceTree = "<group>"; };
		1857F6A31736B3FF00F6146D /* CMPlayerViewController.h */ = {isa = PBXFileReference; fileEncoding = 4; lastKnownFileType = sourcecode.c.h; path = CMPlayerViewController.h; sourceTree = "<group>"; };
		1857F6A41736B3FF00F6146D /* CMPlayerViewController.m */ = {isa = PBXFileReference; fileEncoding = 4; lastKnownFileType = sourcecode.c.objc; path = CMPlayerViewController.m; sourceTree = "<group>"; };
		1857F6A51736B3FF00F6146D /* CMPlayerViewController.xib */ = {isa = PBXFileReference; fileEncoding = 4; lastKnownFileType = file.xib; path = CMPlayerViewController.xib; sourceTree = "<group>"; };
		18616666174782BD0043037D /* cell-artist.png */ = {isa = PBXFileReference; lastKnownFileType = image.png; path = "cell-artist.png"; sourceTree = "<group>"; };
		1861666A174788E20043037D /* cell-album.png */ = {isa = PBXFileReference; lastKnownFileType = image.png; path = "cell-album.png"; sourceTree = "<group>"; };
		187467E11737945A00C9F9D8 /* CMAlbumViewController.h */ = {isa = PBXFileReference; fileEncoding = 4; lastKnownFileType = sourcecode.c.h; path = CMAlbumViewController.h; sourceTree = "<group>"; };
		187467E21737945A00C9F9D8 /* CMAlbumViewController.m */ = {isa = PBXFileReference; fileEncoding = 4; lastKnownFileType = sourcecode.c.objc; path = CMAlbumViewController.m; sourceTree = "<group>"; };
		187467E31737945A00C9F9D8 /* CMAlbumViewController.xib */ = {isa = PBXFileReference; fileEncoding = 4; lastKnownFileType = file.xib; path = CMAlbumViewController.xib; sourceTree = "<group>"; };
		187467E61737EC4A00C9F9D8 /* CMSpiralCircleView.h */ = {isa = PBXFileReference; fileEncoding = 4; lastKnownFileType = sourcecode.c.h; path = CMSpiralCircleView.h; sourceTree = "<group>"; };
		187467E71737EC4A00C9F9D8 /* CMSpiralCircleView.m */ = {isa = PBXFileReference; fileEncoding = 4; lastKnownFileType = sourcecode.c.objc; path = CMSpiralCircleView.m; sourceTree = "<group>"; };
		187467EE173857D200C9F9D8 /* CMInfoViewController.h */ = {isa = PBXFileReference; fileEncoding = 4; lastKnownFileType = sourcecode.c.h; path = CMInfoViewController.h; sourceTree = "<group>"; };
		187467EF173857D200C9F9D8 /* CMInfoViewController.m */ = {isa = PBXFileReference; fileEncoding = 4; lastKnownFileType = sourcecode.c.objc; path = CMInfoViewController.m; sourceTree = "<group>"; };
		187467F0173857D200C9F9D8 /* CMInfoViewController.xib */ = {isa = PBXFileReference; fileEncoding = 4; lastKnownFileType = file.xib; path = CMInfoViewController.xib; sourceTree = "<group>"; };
		187467F31738B84100C9F9D8 /* pull.png */ = {isa = PBXFileReference; lastKnownFileType = image.png; path = pull.png; sourceTree = "<group>"; };
		187467F41738B84100C9F9D8 /* push.png */ = {isa = PBXFileReference; lastKnownFileType = image.png; path = push.png; sourceTree = "<group>"; };
		187467F71738DA1B00C9F9D8 /* blur.png */ = {isa = PBXFileReference; lastKnownFileType = image.png; path = blur.png; sourceTree = "<group>"; };
		187C33F5173B82FF0090B5BD /* AVFoundation.framework */ = {isa = PBXFileReference; lastKnownFileType = wrapper.framework; name = AVFoundation.framework; path = System/Library/Frameworks/AVFoundation.framework; sourceTree = SDKROOT; };
		187C33F7173FE2DF0090B5BD /* circle_mask.png */ = {isa = PBXFileReference; lastKnownFileType = image.png; path = circle_mask.png; sourceTree = "<group>"; };
		188B33A01747A9FC0010AECC /* CMCrashReporter.h */ = {isa = PBXFileReference; fileEncoding = 4; lastKnownFileType = sourcecode.c.h; path = CMCrashReporter.h; sourceTree = "<group>"; };
		188B33A11747A9FC0010AECC /* CMCrashReporter.m */ = {isa = PBXFileReference; fileEncoding = 4; lastKnownFileType = sourcecode.c.objc; path = CMCrashReporter.m; sourceTree = "<group>"; };
		188B33AA174998F80010AECC /* repeat_once.png */ = {isa = PBXFileReference; lastKnownFileType = image.png; path = repeat_once.png; sourceTree = "<group>"; };
		188B33AB174998F80010AECC /* repeat.png */ = {isa = PBXFileReference; lastKnownFileType = image.png; path = repeat.png; sourceTree = "<group>"; };
		188B33AE1749A57C0010AECC /* shuffle.png */ = {isa = PBXFileReference; lastKnownFileType = image.png; path = shuffle.png; sourceTree = "<group>"; };
		189650C5173A964E0084F3DA /* CMIndexView.h */ = {isa = PBXFileReference; fileEncoding = 4; lastKnownFileType = sourcecode.c.h; path = CMIndexView.h; sourceTree = "<group>"; };
		189650C6173A964E0084F3DA /* CMIndexView.m */ = {isa = PBXFileReference; fileEncoding = 4; lastKnownFileType = sourcecode.c.objc; path = CMIndexView.m; sourceTree = "<group>"; };
		18A087EB17562EA800EA56C8 /* cell-playlist.png */ = {isa = PBXFileReference; lastKnownFileType = image.png; path = "cell-playlist.png"; sourceTree = "<group>"; };
		18A7916517476CD30049AC9F /* cell-song.png */ = {isa = PBXFileReference; lastKnownFileType = image.png; path = "cell-song.png"; sourceTree = "<group>"; };
		18CD7821175F63C10082B0F1 /* icon2_.png */ = {isa = PBXFileReference; lastKnownFileType = image.png; path = icon2_.png; sourceTree = "<group>"; };
		18CD7823175F64350082B0F1 /* icon3.png */ = {isa = PBXFileReference; lastKnownFileType = image.png; path = icon3.png; sourceTree = "<group>"; };
		18E30073175F96AC00C44910 /* Default.png */ = {isa = PBXFileReference; lastKnownFileType = image.png; path = Default.png; sourceTree = "<group>"; };
		18E30075175F96DD00C44910 /* Default@2x.png */ = {isa = PBXFileReference; lastKnownFileType = image.png; path = "Default@2x.png"; sourceTree = "<group>"; };
		18E4091F1735692E006BB979 /* CircleMusic.app */ = {isa = PBXFileReference; explicitFileType = wrapper.application; includeInIndex = 0; path = CircleMusic.app; sourceTree = BUILT_PRODUCTS_DIR; };
		18E409221735692E006BB979 /* UIKit.framework */ = {isa = PBXFileReference; lastKnownFileType = wrapper.framework; name = UIKit.framework; path = System/Library/Frameworks/UIKit.framework; sourceTree = SDKROOT; };
		18E409241735692E006BB979 /* Foundation.framework */ = {isa = PBXFileReference; lastKnownFileType = wrapper.framework; name = Foundation.framework; path = System/Library/Frameworks/Foundation.framework; sourceTree = SDKROOT; };
		18E409261735692E006BB979 /* CoreGraphics.framework */ = {isa = PBXFileReference; lastKnownFileType = wrapper.framework; name = CoreGraphics.framework; path = System/Library/Frameworks/CoreGraphics.framework; sourceTree = SDKROOT; };
		18E4092A1735692E006BB979 /* CircleMusic-Info.plist */ = {isa = PBXFileReference; lastKnownFileType = text.plist.xml; path = "CircleMusic-Info.plist"; sourceTree = "<group>"; };
		18E4092C1735692E006BB979 /* en */ = {isa = PBXFileReference; lastKnownFileType = text.plist.strings; name = en; path = en.lproj/InfoPlist.strings; sourceTree = "<group>"; };
		18E4092E1735692E006BB979 /* main.m */ = {isa = PBXFileReference; lastKnownFileType = sourcecode.c.objc; path = main.m; sourceTree = "<group>"; };
		18E409301735692E006BB979 /* CircleMusic-Prefix.pch */ = {isa = PBXFileReference; lastKnownFileType = sourcecode.c.h; path = "CircleMusic-Prefix.pch"; sourceTree = "<group>"; };
		18E409311735692E006BB979 /* CMAppDelegate.h */ = {isa = PBXFileReference; lastKnownFileType = sourcecode.c.h; path = CMAppDelegate.h; sourceTree = "<group>"; };
		18E409321735692E006BB979 /* CMAppDelegate.m */ = {isa = PBXFileReference; lastKnownFileType = sourcecode.c.objc; path = CMAppDelegate.m; sourceTree = "<group>"; };
		18E409341735692E006BB979 /* Default.png */ = {isa = PBXFileReference; lastKnownFileType = image.png; path = Default.png; sourceTree = "<group>"; };
		18E409361735692E006BB979 /* Default@2x.png */ = {isa = PBXFileReference; lastKnownFileType = image.png; path = "Default@2x.png"; sourceTree = "<group>"; };
		18E409381735692E006BB979 /* Default-568h@2x.png */ = {isa = PBXFileReference; lastKnownFileType = image.png; path = "Default-568h@2x.png"; sourceTree = "<group>"; };
		18E4093A1735692E006BB979 /* CMViewController.h */ = {isa = PBXFileReference; lastKnownFileType = sourcecode.c.h; path = CMViewController.h; sourceTree = "<group>"; };
		18E4093B1735692E006BB979 /* CMViewController.m */ = {isa = PBXFileReference; lastKnownFileType = sourcecode.c.objc; path = CMViewController.m; sourceTree = "<group>"; };
		18E4093E1735692E006BB979 /* en */ = {isa = PBXFileReference; lastKnownFileType = file.xib; name = en; path = en.lproj/CMViewController.xib; sourceTree = "<group>"; };
		18E409451735692E006BB979 /* CircleMusicTests.octest */ = {isa = PBXFileReference; explicitFileType = wrapper.cfbundle; includeInIndex = 0; path = CircleMusicTests.octest; sourceTree = BUILT_PRODUCTS_DIR; };
		18E409461735692E006BB979 /* SenTestingKit.framework */ = {isa = PBXFileReference; lastKnownFileType = wrapper.framework; name = SenTestingKit.framework; path = Library/Frameworks/SenTestingKit.framework; sourceTree = DEVELOPER_DIR; };
		18E4094E1735692E006BB979 /* CircleMusicTests-Info.plist */ = {isa = PBXFileReference; lastKnownFileType = text.plist.xml; path = "CircleMusicTests-Info.plist"; sourceTree = "<group>"; };
		18E409501735692E006BB979 /* en */ = {isa = PBXFileReference; lastKnownFileType = text.plist.strings; name = en; path = en.lproj/InfoPlist.strings; sourceTree = "<group>"; };
		18E409521735692E006BB979 /* CircleMusicTests.h */ = {isa = PBXFileReference; lastKnownFileType = sourcecode.c.h; path = CircleMusicTests.h; sourceTree = "<group>"; };
		18E409531735692E006BB979 /* CircleMusicTests.m */ = {isa = PBXFileReference; lastKnownFileType = sourcecode.c.objc; path = CircleMusicTests.m; sourceTree = "<group>"; };
		18E40960173569DE006BB979 /* CMContentCell.h */ = {isa = PBXFileReference; fileEncoding = 4; lastKnownFileType = sourcecode.c.h; path = CMContentCell.h; sourceTree = "<group>"; };
		18E40961173569DE006BB979 /* CMContentCell.m */ = {isa = PBXFileReference; fileEncoding = 4; lastKnownFileType = sourcecode.c.objc; path = CMContentCell.m; sourceTree = "<group>"; };
		18E4096A17357117006BB979 /* QuartzCore.framework */ = {isa = PBXFileReference; lastKnownFileType = wrapper.framework; name = QuartzCore.framework; path = System/Library/Frameworks/QuartzCore.framework; sourceTree = SDKROOT; };
		18E4096F173571AB006BB979 /* CMCircleLayout.h */ = {isa = PBXFileReference; fileEncoding = 4; lastKnownFileType = sourcecode.c.h; path = CMCircleLayout.h; sourceTree = "<group>"; };
		18E40970173571AB006BB979 /* CMCircleLayout.m */ = {isa = PBXFileReference; fileEncoding = 4; lastKnownFileType = sourcecode.c.objc; path = CMCircleLayout.m; sourceTree = "<group>"; };
		18E4098C17358F50006BB979 /* MediaPlayer.framework */ = {isa = PBXFileReference; lastKnownFileType = wrapper.framework; name = MediaPlayer.framework; path = System/Library/Frameworks/MediaPlayer.framework; sourceTree = SDKROOT; };
/* End PBXFileReference section */

/* Begin PBXFrameworksBuildPhase section */
		18E4091C1735692E006BB979 /* Frameworks */ = {
			isa = PBXFrameworksBuildPhase;
			buildActionMask = 2147483647;
			files = (
				180B30861743C03300C2EA1B /* Social.framework in Frameworks */,
				180B305C1740E25300C2EA1B /* CoreMedia.framework in Frameworks */,
				187C33F6173B82FF0090B5BD /* AVFoundation.framework in Frameworks */,
				18E4098D17358F50006BB979 /* MediaPlayer.framework in Frameworks */,
				18E4096B17357118006BB979 /* QuartzCore.framework in Frameworks */,
				18E409231735692E006BB979 /* UIKit.framework in Frameworks */,
				18E409251735692E006BB979 /* Foundation.framework in Frameworks */,
				18E409271735692E006BB979 /* CoreGraphics.framework in Frameworks */,
			);
			runOnlyForDeploymentPostprocessing = 0;
		};
		18E409411735692E006BB979 /* Frameworks */ = {
			isa = PBXFrameworksBuildPhase;
			buildActionMask = 2147483647;
			files = (
				18E409471735692E006BB979 /* SenTestingKit.framework in Frameworks */,
				18E409481735692E006BB979 /* UIKit.framework in Frameworks */,
				18E409491735692E006BB979 /* Foundation.framework in Frameworks */,
			);
			runOnlyForDeploymentPostprocessing = 0;
		};
/* End PBXFrameworksBuildPhase section */

/* Begin PBXGroup section */
		181BA42017443948005CF643 /* img */ = {
			isa = PBXGroup;
			children = (
				184D17A5175A60F000453151 /* intro_tap.png */,
				184D17A7175A60F300453151 /* intro_swipe.png */,
				180B306B1741763900C2EA1B /* no_artwork.png */,
				180B306D1741771F00C2EA1B /* no_artwork_with_circle.png */,
				187C33F7173FE2DF0090B5BD /* circle_mask.png */,
				180B3063174170BE00C2EA1B /* next.png */,
				180B3067174173F600C2EA1B /* play.png */,
				180B3061174170B800C2EA1B /* previous.png */,
				188B33AA174998F80010AECC /* repeat_once.png */,
				188B33AE1749A57C0010AECC /* shuffle.png */,
				180B30691741755800C2EA1B /* note_black.png */,
				188B33AB174998F80010AECC /* repeat.png */,
				180B307E1743B23900C2EA1B /* twitter.png */,
			);
			name = img;
			sourceTree = "<group>";
		};
		1857F6A21736B3F000F6146D /* CMPlayer */ = {
			isa = PBXGroup;
			children = (
				1857F6A31736B3FF00F6146D /* CMPlayerViewController.h */,
				1857F6A41736B3FF00F6146D /* CMPlayerViewController.m */,
				1857F6A51736B3FF00F6146D /* CMPlayerViewController.xib */,
				181BA4231744516A005CF643 /* CMPlayerViewController_for_35inch.xib */,
				181BA42017443948005CF643 /* img */,
				180B30821743B34300C2EA1B /* CMPlayerButtonView.h */,
				180B30831743B34400C2EA1B /* CMPlayerButtonView.m */,
			);
			name = CMPlayer;
			sourceTree = "<group>";
		};
		187467E01737944300C9F9D8 /* CMAlbum */ = {
			isa = PBXGroup;
			children = (
				187467E11737945A00C9F9D8 /* CMAlbumViewController.h */,
				187467E21737945A00C9F9D8 /* CMAlbumViewController.m */,
				187467E31737945A00C9F9D8 /* CMAlbumViewController.xib */,
				181BA42117444F5A005CF643 /* CMAlbumViewController_for_35inch.xib */,
				187467E61737EC4A00C9F9D8 /* CMSpiralCircleView.h */,
				187467E71737EC4A00C9F9D8 /* CMSpiralCircleView.m */,
				189650C5173A964E0084F3DA /* CMIndexView.h */,
				189650C6173A964E0084F3DA /* CMIndexView.m */,
				180B307B1743485E00C2EA1B /* CMIndexCircleView.h */,
				180B307C1743485E00C2EA1B /* CMIndexCircleView.m */,
				187467F31738B84100C9F9D8 /* pull.png */,
				187467F71738DA1B00C9F9D8 /* blur.png */,
				184D17AC175A688F00453151 /* intro_select.png */,
				187467F41738B84100C9F9D8 /* push.png */,
				181BA41C1743F461005CF643 /* headphone.png */,
				184D17AF175B118800453151 /* intro_album_tap.png */,
				184D17B0175B118800453151 /* intro_album_long_press.png */,
				181BA41E174405DE005CF643 /* back.png */,
			);
			name = CMAlbum;
			sourceTree = "<group>";
		};
		187467EA173857A800C9F9D8 /* CMInfo */ = {
			isa = PBXGroup;
			children = (
				187467EE173857D200C9F9D8 /* CMInfoViewController.h */,
				187467EF173857D200C9F9D8 /* CMInfoViewController.m */,
				187467F0173857D200C9F9D8 /* CMInfoViewController.xib */,
				184D17A9175A651C00453151 /* CMInfoViewController_for_35inch.xib */,
			);
			name = CMInfo;
			sourceTree = "<group>";
		};
		18E409161735692E006BB979 = {
			isa = PBXGroup;
			children = (
				18E30075175F96DD00C44910 /* Default@2x.png */,
				18E30073175F96AC00C44910 /* Default.png */,
				18CD7823175F64350082B0F1 /* icon3.png */,
				18CD7821175F63C10082B0F1 /* icon2_.png */,
				180B307117424CE700C2EA1B /* icon@2x.png */,
				180B306F17424CCC00C2EA1B /* icon.png */,
				18E409281735692E006BB979 /* CircleMusic */,
				18E4094C1735692E006BB979 /* CircleMusicTests */,
				18E409211735692E006BB979 /* Frameworks */,
				18E409201735692E006BB979 /* Products */,
			);
			sourceTree = "<group>";
		};
		18E409201735692E006BB979 /* Products */ = {
			isa = PBXGroup;
			children = (
				18E4091F1735692E006BB979 /* CircleMusic.app */,
				18E409451735692E006BB979 /* CircleMusicTests.octest */,
			);
			name = Products;
			sourceTree = "<group>";
		};
		18E409211735692E006BB979 /* Frameworks */ = {
			isa = PBXGroup;
			children = (
				180B30851743C03200C2EA1B /* Social.framework */,
				180B30801743B2FF00C2EA1B /* Twitter.framework */,
				180B305B1740E25300C2EA1B /* CoreMedia.framework */,
				187C33F5173B82FF0090B5BD /* AVFoundation.framework */,
				18E4098C17358F50006BB979 /* MediaPlayer.framework */,
				18E4096A17357117006BB979 /* QuartzCore.framework */,
				18E409221735692E006BB979 /* UIKit.framework */,
				18E409241735692E006BB979 /* Foundation.framework */,
				18E409261735692E006BB979 /* CoreGraphics.framework */,
				18E409461735692E006BB979 /* SenTestingKit.framework */,
			);
			name = Frameworks;
			sourceTree = "<group>";
		};
		18E409281735692E006BB979 /* CircleMusic */ = {
			isa = PBXGroup;
			children = (
				18E409311735692E006BB979 /* CMAppDelegate.h */,
				18E409321735692E006BB979 /* CMAppDelegate.m */,
				188B33A01747A9FC0010AECC /* CMCrashReporter.h */,
				188B33A11747A9FC0010AECC /* CMCrashReporter.m */,
				1857F6A21736B3F000F6146D /* CMPlayer */,
				18E4099717364D9E006BB979 /* CMHome */,
				187467E01737944300C9F9D8 /* CMAlbum */,
				187467EA173857A800C9F9D8 /* CMInfo */,
				18E409291735692E006BB979 /* Supporting Files */,
			);
			path = CircleMusic;
			sourceTree = "<group>";
		};
		18E409291735692E006BB979 /* Supporting Files */ = {
			isa = PBXGroup;
			children = (
				18E4092A1735692E006BB979 /* CircleMusic-Info.plist */,
				18E4092B1735692E006BB979 /* InfoPlist.strings */,
				18E4092E1735692E006BB979 /* main.m */,
				18E409301735692E006BB979 /* CircleMusic-Prefix.pch */,
				18E409341735692E006BB979 /* Default.png */,
				18E409361735692E006BB979 /* Default@2x.png */,
				18E409381735692E006BB979 /* Default-568h@2x.png */,
			);
			name = "Supporting Files";
			sourceTree = "<group>";
		};
		18E4094C1735692E006BB979 /* CircleMusicTests */ = {
			isa = PBXGroup;
			children = (
				18E409521735692E006BB979 /* CircleMusicTests.h */,
				18E409531735692E006BB979 /* CircleMusicTests.m */,
				18E4094D1735692E006BB979 /* Supporting Files */,
			);
			path = CircleMusicTests;
			sourceTree = "<group>";
		};
		18E4094D1735692E006BB979 /* Supporting Files */ = {
			isa = PBXGroup;
			children = (
				18E4094E1735692E006BB979 /* CircleMusicTests-Info.plist */,
				18E4094F1735692E006BB979 /* InfoPlist.strings */,
			);
			name = "Supporting Files";
			sourceTree = "<group>";
		};
		18E4095F173569CC006BB979 /* CMContent */ = {
			isa = PBXGroup;
			children = (
				18E40960173569DE006BB979 /* CMContentCell.h */,
				18E40961173569DE006BB979 /* CMContentCell.m */,
				18E4096F173571AB006BB979 /* CMCircleLayout.h */,
				18E40970173571AB006BB979 /* CMCircleLayout.m */,
				18E4098017358B54006BB979 /* cell images */,
			);
			name = CMContent;
			sourceTree = "<group>";
		};
		18E4098017358B54006BB979 /* cell images */ = {
			isa = PBXGroup;
			children = (
				18616666174782BD0043037D /* cell-artist.png */,
				1861666A174788E20043037D /* cell-album.png */,
				18A087EB17562EA800EA56C8 /* cell-playlist.png */,
				1845A8F5175BC6C400667AA0 /* cell-info.png */,
				18A7916517476CD30049AC9F /* cell-song.png */,
			);
			name = "cell images";
			sourceTree = "<group>";
		};
		18E4099717364D9E006BB979 /* CMHome */ = {
			isa = PBXGroup;
			children = (
				18E4093A1735692E006BB979 /* CMViewController.h */,
				18E4093B1735692E006BB979 /* CMViewController.m */,
				18E4093D1735692E006BB979 /* CMViewController.xib */,
				18E4095F173569CC006BB979 /* CMContent */,
			);
			name = CMHome;
			sourceTree = "<group>";
		};
/* End PBXGroup section */

/* Begin PBXNativeTarget section */
		18E4091E1735692E006BB979 /* CircleMusic */ = {
			isa = PBXNativeTarget;
			buildConfigurationList = 18E409571735692E006BB979 /* Build configuration list for PBXNativeTarget "CircleMusic" */;
			buildPhases = (
				18E4091B1735692E006BB979 /* Sources */,
				18E4091C1735692E006BB979 /* Frameworks */,
				18E4091D1735692E006BB979 /* Resources */,
			);
			buildRules = (
			);
			dependencies = (
			);
			name = CircleMusic;
			productName = CircleMusic;
			productReference = 18E4091F1735692E006BB979 /* CircleMusic.app */;
			productType = "com.apple.product-type.application";
		};
		18E409441735692E006BB979 /* CircleMusicTests */ = {
			isa = PBXNativeTarget;
			buildConfigurationList = 18E4095A1735692E006BB979 /* Build configuration list for PBXNativeTarget "CircleMusicTests" */;
			buildPhases = (
				18E409401735692E006BB979 /* Sources */,
				18E409411735692E006BB979 /* Frameworks */,
				18E409421735692E006BB979 /* Resources */,
				18E409431735692E006BB979 /* ShellScript */,
			);
			buildRules = (
			);
			dependencies = (
				18E4094B1735692E006BB979 /* PBXTargetDependency */,
			);
			name = CircleMusicTests;
			productName = CircleMusicTests;
			productReference = 18E409451735692E006BB979 /* CircleMusicTests.octest */;
			productType = "com.apple.product-type.bundle";
		};
/* End PBXNativeTarget section */

/* Begin PBXProject section */
		18E409171735692E006BB979 /* Project object */ = {
			isa = PBXProject;
			attributes = {
				CLASSPREFIX = CM;
				LastUpgradeCheck = 0460;
				ORGANIZATIONNAME = FORCECLESS;
			};
			buildConfigurationList = 18E4091A1735692E006BB979 /* Build configuration list for PBXProject "CircleMusic" */;
			compatibilityVersion = "Xcode 3.2";
			developmentRegion = English;
			hasScannedForEncodings = 0;
			knownRegions = (
				en,
			);
			mainGroup = 18E409161735692E006BB979;
			productRefGroup = 18E409201735692E006BB979 /* Products */;
			projectDirPath = "";
			projectRoot = "";
			targets = (
				18E4091E1735692E006BB979 /* CircleMusic */,
				18E409441735692E006BB979 /* CircleMusicTests */,
			);
		};
/* End PBXProject section */

/* Begin PBXResourcesBuildPhase section */
		18E4091D1735692E006BB979 /* Resources */ = {
			isa = PBXResourcesBuildPhase;
			buildActionMask = 2147483647;
			files = (
				18E4092D1735692E006BB979 /* InfoPlist.strings in Resources */,
				18E409351735692E006BB979 /* Default.png in Resources */,
				18E409371735692E006BB979 /* Default@2x.png in Resources */,
				18E409391735692E006BB979 /* Default-568h@2x.png in Resources */,
				18E4093F1735692E006BB979 /* CMViewController.xib in Resources */,
				1857F6A71736B3FF00F6146D /* CMPlayerViewController.xib in Resources */,
				187467E51737945A00C9F9D8 /* CMAlbumViewController.xib in Resources */,
				187467F2173857D200C9F9D8 /* CMInfoViewController.xib in Resources */,
				187467F51738B84200C9F9D8 /* pull.png in Resources */,
				187467F61738B84200C9F9D8 /* push.png in Resources */,
				187467F81738DA1B00C9F9D8 /* blur.png in Resources */,
				187C33F8173FE2DF0090B5BD /* circle_mask.png in Resources */,
				180B3062174170B800C2EA1B /* previous.png in Resources */,
				180B3064174170BE00C2EA1B /* next.png in Resources */,
				180B3068174173F600C2EA1B /* play.png in Resources */,
				180B306A1741755800C2EA1B /* note_black.png in Resources */,
				180B306C1741763900C2EA1B /* no_artwork.png in Resources */,
				180B306E1741771F00C2EA1B /* no_artwork_with_circle.png in Resources */,
				180B307017424CCD00C2EA1B /* icon.png in Resources */,
				180B307217424CE700C2EA1B /* icon@2x.png in Resources */,
				180B307F1743B23900C2EA1B /* twitter.png in Resources */,
				181BA41D1743F461005CF643 /* headphone.png in Resources */,
				181BA41F174405DE005CF643 /* back.png in Resources */,
				181BA42217444F5A005CF643 /* CMAlbumViewController_for_35inch.xib in Resources */,
				181BA4241744516B005CF643 /* CMPlayerViewController_for_35inch.xib in Resources */,
				18A7916617476CD30049AC9F /* cell-song.png in Resources */,
				18616667174782BD0043037D /* cell-artist.png in Resources */,
				1861666B174788E20043037D /* cell-album.png in Resources */,
				188B33AC174998F80010AECC /* repeat_once.png in Resources */,
				188B33AD174998F80010AECC /* repeat.png in Resources */,
				188B33AF1749A57C0010AECC /* shuffle.png in Resources */,
				18A087EC17562EA800EA56C8 /* cell-playlist.png in Resources */,
				184D17A6175A60F000453151 /* intro_tap.png in Resources */,
				184D17A8175A60F300453151 /* intro_swipe.png in Resources */,
				184D17AA175A651C00453151 /* CMInfoViewController_for_35inch.xib in Resources */,
				184D17AE175A688F00453151 /* intro_select.png in Resources */,
				184D17B1175B118800453151 /* intro_album_tap.png in Resources */,
				184D17B2175B118800453151 /* intro_album_long_press.png in Resources */,
				1845A8F6175BC6C400667AA0 /* cell-info.png in Resources */,
				18CD7822175F63C10082B0F1 /* icon2_.png in Resources */,
				18CD7824175F64350082B0F1 /* icon3.png in Resources */,
				18E30074175F96AC00C44910 /* Default.png in Resources */,
				18E30076175F96DD00C44910 /* Default@2x.png in Resources */,
			);
			runOnlyForDeploymentPostprocessing = 0;
		};
		18E409421735692E006BB979 /* Resources */ = {
			isa = PBXResourcesBuildPhase;
			buildActionMask = 2147483647;
			files = (
				18E409511735692E006BB979 /* InfoPlist.strings in Resources */,
			);
			runOnlyForDeploymentPostprocessing = 0;
		};
/* End PBXResourcesBuildPhase section */

/* Begin PBXShellScriptBuildPhase section */
		18E409431735692E006BB979 /* ShellScript */ = {
			isa = PBXShellScriptBuildPhase;
			buildActionMask = 2147483647;
			files = (
			);
			inputPaths = (
			);
			outputPaths = (
			);
			runOnlyForDeploymentPostprocessing = 0;
			shellPath = /bin/sh;
			shellScript = "# Run the unit tests in this test bundle.\n\"${SYSTEM_DEVELOPER_DIR}/Tools/RunUnitTests\"\n";
		};
/* End PBXShellScriptBuildPhase section */

/* Begin PBXSourcesBuildPhase section */
		18E4091B1735692E006BB979 /* Sources */ = {
			isa = PBXSourcesBuildPhase;
			buildActionMask = 2147483647;
			files = (
				18E40972173571E4006BB979 /* CMCircleLayout.m in Sources */,
				18E4092F1735692E006BB979 /* main.m in Sources */,
				18E409331735692E006BB979 /* CMAppDelegate.m in Sources */,
				18E4093C1735692E006BB979 /* CMViewController.m in Sources */,
				18E40962173569DE006BB979 /* CMContentCell.m in Sources */,
				1857F6A61736B3FF00F6146D /* CMPlayerViewController.m in Sources */,
				187467E41737945A00C9F9D8 /* CMAlbumViewController.m in Sources */,
				187467E81737EC4A00C9F9D8 /* CMSpiralCircleView.m in Sources */,
				187467F1173857D200C9F9D8 /* CMInfoViewController.m in Sources */,
				189650C7173A964F0084F3DA /* CMIndexView.m in Sources */,
				180B307D1743485E00C2EA1B /* CMIndexCircleView.m in Sources */,
				180B30841743B34400C2EA1B /* CMPlayerButtonView.m in Sources */,
				188B33A21747A9FC0010AECC /* CMCrashReporter.m in Sources */,
			);
			runOnlyForDeploymentPostprocessing = 0;
		};
		18E409401735692E006BB979 /* Sources */ = {
			isa = PBXSourcesBuildPhase;
			buildActionMask = 2147483647;
			files = (
				18E409541735692E006BB979 /* CircleMusicTests.m in Sources */,
				18E40971173571AB006BB979 /* CMCircleLayout.m in Sources */,
			);
			runOnlyForDeploymentPostprocessing = 0;
		};
/* End PBXSourcesBuildPhase section */

/* Begin PBXTargetDependency section */
		18E4094B1735692E006BB979 /* PBXTargetDependency */ = {
			isa = PBXTargetDependency;
			target = 18E4091E1735692E006BB979 /* CircleMusic */;
			targetProxy = 18E4094A1735692E006BB979 /* PBXContainerItemProxy */;
		};
/* End PBXTargetDependency section */

/* Begin PBXVariantGroup section */
		18E4092B1735692E006BB979 /* InfoPlist.strings */ = {
			isa = PBXVariantGroup;
			children = (
				18E4092C1735692E006BB979 /* en */,
			);
			name = InfoPlist.strings;
			sourceTree = "<group>";
		};
		18E4093D1735692E006BB979 /* CMViewController.xib */ = {
			isa = PBXVariantGroup;
			children = (
				18E4093E1735692E006BB979 /* en */,
			);
			name = CMViewController.xib;
			sourceTree = "<group>";
		};
		18E4094F1735692E006BB979 /* InfoPlist.strings */ = {
			isa = PBXVariantGroup;
			children = (
				18E409501735692E006BB979 /* en */,
			);
			name = InfoPlist.strings;
			sourceTree = "<group>";
		};
/* End PBXVariantGroup section */

/* Begin XCBuildConfiguration section */
		18E409551735692E006BB979 /* Debug */ = {
			isa = XCBuildConfiguration;
			buildSettings = {
				ALWAYS_SEARCH_USER_PATHS = NO;
				CLANG_CXX_LANGUAGE_STANDARD = "gnu++0x";
				CLANG_CXX_LIBRARY = "libc++";
				CLANG_ENABLE_OBJC_ARC = YES;
				CLANG_WARN_CONSTANT_CONVERSION = YES;
				CLANG_WARN_EMPTY_BODY = YES;
				CLANG_WARN_ENUM_CONVERSION = YES;
				CLANG_WARN_INT_CONVERSION = YES;
				CLANG_WARN__DUPLICATE_METHOD_MATCH = YES;
				"CODE_SIGN_IDENTITY[sdk=iphoneos*]" = "iPhone Developer";
				COPY_PHASE_STRIP = NO;
				GCC_C_LANGUAGE_STANDARD = gnu99;
				GCC_DYNAMIC_NO_PIC = NO;
				GCC_OPTIMIZATION_LEVEL = 0;
				GCC_PREPROCESSOR_DEFINITIONS = (
					"DEBUG=1",
					"$(inherited)",
				);
				GCC_SYMBOLS_PRIVATE_EXTERN = NO;
				GCC_WARN_ABOUT_RETURN_TYPE = YES;
				GCC_WARN_UNINITIALIZED_AUTOS = YES;
				GCC_WARN_UNUSED_VARIABLE = YES;
				IPHONEOS_DEPLOYMENT_TARGET = 6.1;
				ONLY_ACTIVE_ARCH = YES;
				SDKROOT = iphoneos;
			};
			name = Debug;
		};
		18E409561735692E006BB979 /* Release */ = {
			isa = XCBuildConfiguration;
			buildSettings = {
				ALWAYS_SEARCH_USER_PATHS = NO;
				CLANG_CXX_LANGUAGE_STANDARD = "gnu++0x";
				CLANG_CXX_LIBRARY = "libc++";
				CLANG_ENABLE_OBJC_ARC = YES;
				CLANG_WARN_CONSTANT_CONVERSION = YES;
				CLANG_WARN_EMPTY_BODY = YES;
				CLANG_WARN_ENUM_CONVERSION = YES;
				CLANG_WARN_INT_CONVERSION = YES;
				CLANG_WARN__DUPLICATE_METHOD_MATCH = YES;
				CODE_SIGN_IDENTITY = "iPhone Distribution: toshiya kawasaki (VH7R7V6D88)";
				"CODE_SIGN_IDENTITY[sdk=iphoneos*]" = "iPhone Developer";
				COPY_PHASE_STRIP = YES;
				GCC_C_LANGUAGE_STANDARD = gnu99;
				GCC_WARN_ABOUT_RETURN_TYPE = YES;
				GCC_WARN_UNINITIALIZED_AUTOS = YES;
				GCC_WARN_UNUSED_VARIABLE = YES;
				IPHONEOS_DEPLOYMENT_TARGET = 6.1;
				OTHER_CFLAGS = "-DNS_BLOCK_ASSERTIONS=1";
				PROVISIONING_PROFILE = "3A50D4EE-938B-4DEA-865B-B4C1AA44A4AE";
				SDKROOT = iphoneos;
				VALIDATE_PRODUCT = YES;
			};
			name = Release;
		};
		18E409581735692E006BB979 /* Debug */ = {
			isa = XCBuildConfiguration;
			buildSettings = {
				"CODE_SIGN_IDENTITY[sdk=iphoneos*]" = "iPhone Developer: toshiya kawasaki (4X2JA6NF85)";
				GCC_PRECOMPILE_PREFIX_HEADER = YES;
				GCC_PREFIX_HEADER = "CircleMusic/CircleMusic-Prefix.pch";
				INFOPLIST_FILE = "CircleMusic/CircleMusic-Info.plist";
				IPHONEOS_DEPLOYMENT_TARGET = 6.0;
				PRODUCT_NAME = "$(TARGET_NAME)";
				"PROVISIONING_PROFILE[sdk=iphoneos*]" = "8E20C336-5384-4866-B69F-078E4F3525F7";
				TARGETED_DEVICE_FAMILY = 1;
				WRAPPER_EXTENSION = app;
			};
			name = Debug;
		};
		18E409591735692E006BB979 /* Release */ = {
			isa = XCBuildConfiguration;
			buildSettings = {
				CODE_SIGN_IDENTITY = "iPhone Distribution: toshiya kawasaki (VH7R7V6D88)";
				GCC_PRECOMPILE_PREFIX_HEADER = YES;
				GCC_PREFIX_HEADER = "CircleMusic/CircleMusic-Prefix.pch";
				INFOPLIST_FILE = "CircleMusic/CircleMusic-Info.plist";
				IPHONEOS_DEPLOYMENT_TARGET = 6.0;
				PRODUCT_NAME = "$(TARGET_NAME)";
				PROVISIONING_PROFILE = "E116C737-4A1C-44F5-9A67-D911039E1E4C";
				TARGETED_DEVICE_FAMILY = 1;
				WRAPPER_EXTENSION = app;
			};
			name = Release;
		};
		18E4095B1735692E006BB979 /* Debug */ = {
			isa = XCBuildConfiguration;
			buildSettings = {
				BUNDLE_LOADER = "$(BUILT_PRODUCTS_DIR)/CircleMusic.app/CircleMusic";
				FRAMEWORK_SEARCH_PATHS = (
					"\"$(SDKROOT)/Developer/Library/Frameworks\"",
					"\"$(DEVELOPER_LIBRARY_DIR)/Frameworks\"",
				);
				GCC_PRECOMPILE_PREFIX_HEADER = YES;
				GCC_PREFIX_HEADER = "CircleMusic/CircleMusic-Prefix.pch";
				INFOPLIST_FILE = "CircleMusicTests/CircleMusicTests-Info.plist";
				PRODUCT_NAME = "$(TARGET_NAME)";
				TEST_HOST = "$(BUNDLE_LOADER)";
				WRAPPER_EXTENSION = octest;
			};
			name = Debug;
		};
		18E4095C1735692E006BB979 /* Release */ = {
			isa = XCBuildConfiguration;
			buildSettings = {
				BUNDLE_LOADER = "$(BUILT_PRODUCTS_DIR)/CircleMusic.app/CircleMusic";
				FRAMEWORK_SEARCH_PATHS = (
					"\"$(SDKROOT)/Developer/Library/Frameworks\"",
					"\"$(DEVELOPER_LIBRARY_DIR)/Frameworks\"",
				);
				GCC_PRECOMPILE_PREFIX_HEADER = YES;
				GCC_PREFIX_HEADER = "CircleMusic/CircleMusic-Prefix.pch";
				INFOPLIST_FILE = "CircleMusicTests/CircleMusicTests-Info.plist";
				PRODUCT_NAME = "$(TARGET_NAME)";
				TEST_HOST = "$(BUNDLE_LOADER)";
				WRAPPER_EXTENSION = octest;
			};
			name = Release;
		};
/* End XCBuildConfiguration section */

/* Begin XCConfigurationList section */
		18E4091A1735692E006BB979 /* Build configuration list for PBXProject "CircleMusic" */ = {
			isa = XCConfigurationList;
			buildConfigurations = (
				18E409551735692E006BB979 /* Debug */,
				18E409561735692E006BB979 /* Release */,
			);
			defaultConfigurationIsVisible = 0;
			defaultConfigurationName = Release;
		};
		18E409571735692E006BB979 /* Build configuration list for PBXNativeTarget "CircleMusic" */ = {
			isa = XCConfigurationList;
			buildConfigurations = (
				18E409581735692E006BB979 /* Debug */,
				18E409591735692E006BB979 /* Release */,
			);
			defaultConfigurationIsVisible = 0;
			defaultConfigurationName = Release;
		};
		18E4095A1735692E006BB979 /* Build configuration list for PBXNativeTarget "CircleMusicTests" */ = {
			isa = XCConfigurationList;
			buildConfigurations = (
				18E4095B1735692E006BB979 /* Debug */,
				18E4095C1735692E006BB979 /* Release */,
			);
			defaultConfigurationIsVisible = 0;
			defaultConfigurationName = Release;
		};
/* End XCConfigurationList section */
	};
	rootObject = 18E409171735692E006BB979 /* Project object */;
}
